// !$*UTF8*$!
{
	archiveVersion = 1;
	classes = {
	};
	objectVersion = 56;
	objects = {

/* Begin PBXBuildFile section */
		4309B2A32C909ABC0076B1F4 /* AppDelegate.swift in Sources */ = {isa = PBXBuildFile; fileRef = 4309B2A22C909ABC0076B1F4 /* AppDelegate.swift */; };
		4309B2A52C909ABC0076B1F4 /* SceneDelegate.swift in Sources */ = {isa = PBXBuildFile; fileRef = 4309B2A42C909ABC0076B1F4 /* SceneDelegate.swift */; };
		4309B2A72C909ABC0076B1F4 /* ViewController.swift in Sources */ = {isa = PBXBuildFile; fileRef = 4309B2A62C909ABC0076B1F4 /* ViewController.swift */; };
		4309B2AA2C909ABC0076B1F4 /* Base in Resources */ = {isa = PBXBuildFile; fileRef = 4309B2A92C909ABC0076B1F4 /* Base */; };
		4309B2AC2C909ABD0076B1F4 /* Assets.xcassets in Resources */ = {isa = PBXBuildFile; fileRef = 4309B2AB2C909ABD0076B1F4 /* Assets.xcassets */; };
		4309B2AF2C909ABD0076B1F4 /* Base in Resources */ = {isa = PBXBuildFile; fileRef = 4309B2AE2C909ABD0076B1F4 /* Base */; };
		4309B2BA2C909ABD0076B1F4 /* DiscountAppTests.swift in Sources */ = {isa = PBXBuildFile; fileRef = 4309B2B92C909ABD0076B1F4 /* DiscountAppTests.swift */; };
		4309B2C42C909ABD0076B1F4 /* DiscountAppUITests.swift in Sources */ = {isa = PBXBuildFile; fileRef = 4309B2C32C909ABD0076B1F4 /* DiscountAppUITests.swift */; };
		4309B2C62C909ABD0076B1F4 /* DiscountAppUITestsLaunchTests.swift in Sources */ = {isa = PBXBuildFile; fileRef = 4309B2C52C909ABD0076B1F4 /* DiscountAppUITestsLaunchTests.swift */; };
/* End PBXBuildFile section */

/* Begin PBXContainerItemProxy section */
		4309B2B62C909ABD0076B1F4 /* PBXContainerItemProxy */ = {
			isa = PBXContainerItemProxy;
			containerPortal = 4309B2972C909ABC0076B1F4 /* Project object */;
			proxyType = 1;
			remoteGlobalIDString = 4309B29E2C909ABC0076B1F4;
			remoteInfo = DiscountApp;
		};
		4309B2C02C909ABD0076B1F4 /* PBXContainerItemProxy */ = {
			isa = PBXContainerItemProxy;
			containerPortal = 4309B2972C909ABC0076B1F4 /* Project object */;
			proxyType = 1;
			remoteGlobalIDString = 4309B29E2C909ABC0076B1F4;
			remoteInfo = DiscountApp;
		};
/* End PBXContainerItemProxy section */

/* Begin PBXFileReference section */
		4309B29F2C909ABC0076B1F4 /* DiscountApp.app */ = {isa = PBXFileReference; explicitFileType = wrapper.application; includeInIndex = 0; path = DiscountApp.app; sourceTree = BUILT_PRODUCTS_DIR; };
		4309B2A22C909ABC0076B1F4 /* AppDelegate.swift */ = {isa = PBXFileReference; lastKnownFileType = sourcecode.swift; path = AppDelegate.swift; sourceTree = "<group>"; };
		4309B2A42C909ABC0076B1F4 /* SceneDelegate.swift */ = {isa = PBXFileReference; lastKnownFileType = sourcecode.swift; path = SceneDelegate.swift; sourceTree = "<group>"; };
		4309B2A62C909ABC0076B1F4 /* ViewController.swift */ = {isa = PBXFileReference; lastKnownFileType = sourcecode.swift; path = ViewController.swift; sourceTree = "<group>"; };
		4309B2A92C909ABC0076B1F4 /* Base */ = {isa = PBXFileReference; lastKnownFileType = file.storyboard; name = Base; path = Base.lproj/Main.storyboard; sourceTree = "<group>"; };
		4309B2AB2C909ABD0076B1F4 /* Assets.xcassets */ = {isa = PBXFileReference; lastKnownFileType = folder.assetcatalog; path = Assets.xcassets; sourceTree = "<group>"; };
		4309B2AE2C909ABD0076B1F4 /* Base */ = {isa = PBXFileReference; lastKnownFileType = file.storyboard; name = Base; path = Base.lproj/LaunchScreen.storyboard; sourceTree = "<group>"; };
		4309B2B02C909ABD0076B1F4 /* Info.plist */ = {isa = PBXFileReference; lastKnownFileType = text.plist.xml; path = Info.plist; sourceTree = "<group>"; };
		4309B2B52C909ABD0076B1F4 /* DiscountAppTests.xctest */ = {isa = PBXFileReference; explicitFileType = wrapper.cfbundle; includeInIndex = 0; path = DiscountAppTests.xctest; sourceTree = BUILT_PRODUCTS_DIR; };
		4309B2B92C909ABD0076B1F4 /* DiscountAppTests.swift */ = {isa = PBXFileReference; lastKnownFileType = sourcecode.swift; path = DiscountAppTests.swift; sourceTree = "<group>"; };
		4309B2BF2C909ABD0076B1F4 /* DiscountAppUITests.xctest */ = {isa = PBXFileReference; explicitFileType = wrapper.cfbundle; includeInIndex = 0; path = DiscountAppUITests.xctest; sourceTree = BUILT_PRODUCTS_DIR; };
		4309B2C32C909ABD0076B1F4 /* DiscountAppUITests.swift */ = {isa = PBXFileReference; lastKnownFileType = sourcecode.swift; path = DiscountAppUITests.swift; sourceTree = "<group>"; };
		4309B2C52C909ABD0076B1F4 /* DiscountAppUITestsLaunchTests.swift */ = {isa = PBXFileReference; lastKnownFileType = sourcecode.swift; path = DiscountAppUITestsLaunchTests.swift; sourceTree = "<group>"; };
/* End PBXFileReference section */

/* Begin PBXFrameworksBuildPhase section */
		4309B29C2C909ABC0076B1F4 /* Frameworks */ = {
			isa = PBXFrameworksBuildPhase;
			buildActionMask = 2147483647;
			files = (
			);
			runOnlyForDeploymentPostprocessing = 0;
		};
		4309B2B22C909ABD0076B1F4 /* Frameworks */ = {
			isa = PBXFrameworksBuildPhase;
			buildActionMask = 2147483647;
			files = (
			);
			runOnlyForDeploymentPostprocessing = 0;
		};
		4309B2BC2C909ABD0076B1F4 /* Frameworks */ = {
			isa = PBXFrameworksBuildPhase;
			buildActionMask = 2147483647;
			files = (
			);
			runOnlyForDeploymentPostprocessing = 0;
		};
/* End PBXFrameworksBuildPhase section */

/* Begin PBXGroup section */
		4309B2962C909ABC0076B1F4 = {
			isa = PBXGroup;
			children = (
				4309B2A12C909ABC0076B1F4 /* DiscountApp */,
				4309B2B82C909ABD0076B1F4 /* DiscountAppTests */,
				4309B2C22C909ABD0076B1F4 /* DiscountAppUITests */,
				4309B2A02C909ABC0076B1F4 /* Products */,
			);
			sourceTree = "<group>";
		};
		4309B2A02C909ABC0076B1F4 /* Products */ = {
			isa = PBXGroup;
			children = (
				4309B29F2C909ABC0076B1F4 /* DiscountApp.app */,
				4309B2B52C909ABD0076B1F4 /* DiscountAppTests.xctest */,
				4309B2BF2C909ABD0076B1F4 /* DiscountAppUITests.xctest */,
			);
			name = Products;
			sourceTree = "<group>";
		};
		4309B2A12C909ABC0076B1F4 /* DiscountApp */ = {
			isa = PBXGroup;
			children = (
				4309B2A22C909ABC0076B1F4 /* AppDelegate.swift */,
				4309B2A42C909ABC0076B1F4 /* SceneDelegate.swift */,
				4309B2A62C909ABC0076B1F4 /* ViewController.swift */,
				4309B2A82C909ABC0076B1F4 /* Main.storyboard */,
				4309B2AB2C909ABD0076B1F4 /* Assets.xcassets */,
				4309B2AD2C909ABD0076B1F4 /* LaunchScreen.storyboard */,
				4309B2B02C909ABD0076B1F4 /* Info.plist */,
			);
			path = DiscountApp;
			sourceTree = "<group>";
		};
		4309B2B82C909ABD0076B1F4 /* DiscountAppTests */ = {
			isa = PBXGroup;
			children = (
				4309B2B92C909ABD0076B1F4 /* DiscountAppTests.swift */,
			);
			path = DiscountAppTests;
			sourceTree = "<group>";
		};
		4309B2C22C909ABD0076B1F4 /* DiscountAppUITests */ = {
			isa = PBXGroup;
			children = (
				4309B2C32C909ABD0076B1F4 /* DiscountAppUITests.swift */,
				4309B2C52C909ABD0076B1F4 /* DiscountAppUITestsLaunchTests.swift */,
			);
			path = DiscountAppUITests;
			sourceTree = "<group>";
		};
/* End PBXGroup section */

/* Begin PBXNativeTarget section */
		4309B29E2C909ABC0076B1F4 /* DiscountApp */ = {
			isa = PBXNativeTarget;
			buildConfigurationList = 4309B2C92C909ABD0076B1F4 /* Build configuration list for PBXNativeTarget "DiscountApp" */;
			buildPhases = (
				4309B29B2C909ABC0076B1F4 /* Sources */,
				4309B29C2C909ABC0076B1F4 /* Frameworks */,
				4309B29D2C909ABC0076B1F4 /* Resources */,
			);
			buildRules = (
			);
			dependencies = (
			);
			name = DiscountApp;
			productName = DiscountApp;
			productReference = 4309B29F2C909ABC0076B1F4 /* DiscountApp.app */;
			productType = "com.apple.product-type.application";
		};
		4309B2B42C909ABD0076B1F4 /* DiscountAppTests */ = {
			isa = PBXNativeTarget;
			buildConfigurationList = 4309B2CC2C909ABD0076B1F4 /* Build configuration list for PBXNativeTarget "DiscountAppTests" */;
			buildPhases = (
				4309B2B12C909ABD0076B1F4 /* Sources */,
				4309B2B22C909ABD0076B1F4 /* Frameworks */,
				4309B2B32C909ABD0076B1F4 /* Resources */,
			);
			buildRules = (
			);
			dependencies = (
				4309B2B72C909ABD0076B1F4 /* PBXTargetDependency */,
			);
			name = DiscountAppTests;
			productName = DiscountAppTests;
			productReference = 4309B2B52C909ABD0076B1F4 /* DiscountAppTests.xctest */;
			productType = "com.apple.product-type.bundle.unit-test";
		};
		4309B2BE2C909ABD0076B1F4 /* DiscountAppUITests */ = {
			isa = PBXNativeTarget;
			buildConfigurationList = 4309B2CF2C909ABD0076B1F4 /* Build configuration list for PBXNativeTarget "DiscountAppUITests" */;
			buildPhases = (
				4309B2BB2C909ABD0076B1F4 /* Sources */,
				4309B2BC2C909ABD0076B1F4 /* Frameworks */,
				4309B2BD2C909ABD0076B1F4 /* Resources */,
			);
			buildRules = (
			);
			dependencies = (
				4309B2C12C909ABD0076B1F4 /* PBXTargetDependency */,
			);
			name = DiscountAppUITests;
			productName = DiscountAppUITests;
			productReference = 4309B2BF2C909ABD0076B1F4 /* DiscountAppUITests.xctest */;
			productType = "com.apple.product-type.bundle.ui-testing";
		};
/* End PBXNativeTarget section */

/* Begin PBXProject section */
		4309B2972C909ABC0076B1F4 /* Project object */ = {
			isa = PBXProject;
			attributes = {
				BuildIndependentTargetsInParallel = 1;
				LastSwiftUpdateCheck = 1540;
				LastUpgradeCheck = 1540;
				TargetAttributes = {
					4309B29E2C909ABC0076B1F4 = {
						CreatedOnToolsVersion = 15.4;
					};
					4309B2B42C909ABD0076B1F4 = {
						CreatedOnToolsVersion = 15.4;
						TestTargetID = 4309B29E2C909ABC0076B1F4;
					};
					4309B2BE2C909ABD0076B1F4 = {
						CreatedOnToolsVersion = 15.4;
						TestTargetID = 4309B29E2C909ABC0076B1F4;
					};
				};
			};
			buildConfigurationList = 4309B29A2C909ABC0076B1F4 /* Build configuration list for PBXProject "DiscountApp" */;
			compatibilityVersion = "Xcode 14.0";
			developmentRegion = en;
			hasScannedForEncodings = 0;
			knownRegions = (
				en,
				Base,
			);
			mainGroup = 4309B2962C909ABC0076B1F4;
			productRefGroup = 4309B2A02C909ABC0076B1F4 /* Products */;
			projectDirPath = "";
			projectRoot = "";
			targets = (
				4309B29E2C909ABC0076B1F4 /* DiscountApp */,
				4309B2B42C909ABD0076B1F4 /* DiscountAppTests */,
				4309B2BE2C909ABD0076B1F4 /* DiscountAppUITests */,
			);
		};
/* End PBXProject section */

/* Begin PBXResourcesBuildPhase section */
		4309B29D2C909ABC0076B1F4 /* Resources */ = {
			isa = PBXResourcesBuildPhase;
			buildActionMask = 2147483647;
			files = (
				4309B2AC2C909ABD0076B1F4 /* Assets.xcassets in Resources */,
				4309B2AF2C909ABD0076B1F4 /* Base in Resources */,
				4309B2AA2C909ABC0076B1F4 /* Base in Resources */,
			);
			runOnlyForDeploymentPostprocessing = 0;
		};
		4309B2B32C909ABD0076B1F4 /* Resources */ = {
			isa = PBXResourcesBuildPhase;
			buildActionMask = 2147483647;
			files = (
			);
			runOnlyForDeploymentPostprocessing = 0;
		};
		4309B2BD2C909ABD0076B1F4 /* Resources */ = {
			isa = PBXResourcesBuildPhase;
			buildActionMask = 2147483647;
			files = (
			);
			runOnlyForDeploymentPostprocessing = 0;
		};
/* End PBXResourcesBuildPhase section */

/* Begin PBXSourcesBuildPhase section */
		4309B29B2C909ABC0076B1F4 /* Sources */ = {
			isa = PBXSourcesBuildPhase;
			buildActionMask = 2147483647;
			files = (
				4309B2A72C909ABC0076B1F4 /* ViewController.swift in Sources */,
				4309B2A32C909ABC0076B1F4 /* AppDelegate.swift in Sources */,
				4309B2A52C909ABC0076B1F4 /* SceneDelegate.swift in Sources */,
			);
			runOnlyForDeploymentPostprocessing = 0;
		};
		4309B2B12C909ABD0076B1F4 /* Sources */ = {
			isa = PBXSourcesBuildPhase;
			buildActionMask = 2147483647;
			files = (
				4309B2BA2C909ABD0076B1F4 /* DiscountAppTests.swift in Sources */,
			);
			runOnlyForDeploymentPostprocessing = 0;
		};
		4309B2BB2C909ABD0076B1F4 /* Sources */ = {
			isa = PBXSourcesBuildPhase;
			buildActionMask = 2147483647;
			files = (
				4309B2C42C909ABD0076B1F4 /* DiscountAppUITests.swift in Sources */,
				4309B2C62C909ABD0076B1F4 /* DiscountAppUITestsLaunchTests.swift in Sources */,
			);
			runOnlyForDeploymentPostprocessing = 0;
		};
/* End PBXSourcesBuildPhase section */

/* Begin PBXTargetDependency section */
		4309B2B72C909ABD0076B1F4 /* PBXTargetDependency */ = {
			isa = PBXTargetDependency;
			target = 4309B29E2C909ABC0076B1F4 /* DiscountApp */;
			targetProxy = 4309B2B62C909ABD0076B1F4 /* PBXContainerItemProxy */;
		};
		4309B2C12C909ABD0076B1F4 /* PBXTargetDependency */ = {
			isa = PBXTargetDependency;
			target = 4309B29E2C909ABC0076B1F4 /* DiscountApp */;
			targetProxy = 4309B2C02C909ABD0076B1F4 /* PBXContainerItemProxy */;
		};
/* End PBXTargetDependency section */

/* Begin PBXVariantGroup section */
		4309B2A82C909ABC0076B1F4 /* Main.storyboard */ = {
			isa = PBXVariantGroup;
			children = (
				4309B2A92C909ABC0076B1F4 /* Base */,
			);
			name = Main.storyboard;
			sourceTree = "<group>";
		};
		4309B2AD2C909ABD0076B1F4 /* LaunchScreen.storyboard */ = {
			isa = PBXVariantGroup;
			children = (
				4309B2AE2C909ABD0076B1F4 /* Base */,
			);
			name = LaunchScreen.storyboard;
			sourceTree = "<group>";
		};
/* End PBXVariantGroup section */

/* Begin XCBuildConfiguration section */
		4309B2C72C909ABD0076B1F4 /* Debug */ = {
			isa = XCBuildConfiguration;
			buildSettings = {
				ALWAYS_SEARCH_USER_PATHS = NO;
				ASSETCATALOG_COMPILER_GENERATE_SWIFT_ASSET_SYMBOL_EXTENSIONS = YES;
				CLANG_ANALYZER_NONNULL = YES;
				CLANG_ANALYZER_NUMBER_OBJECT_CONVERSION = YES_AGGRESSIVE;
				CLANG_CXX_LANGUAGE_STANDARD = "gnu++20";
				CLANG_ENABLE_MODULES = YES;
				CLANG_ENABLE_OBJC_ARC = YES;
				CLANG_ENABLE_OBJC_WEAK = YES;
				CLANG_WARN_BLOCK_CAPTURE_AUTORELEASING = YES;
				CLANG_WARN_BOOL_CONVERSION = YES;
				CLANG_WARN_COMMA = YES;
				CLANG_WARN_CONSTANT_CONVERSION = YES;
				CLANG_WARN_DEPRECATED_OBJC_IMPLEMENTATIONS = YES;
				CLANG_WARN_DIRECT_OBJC_ISA_USAGE = YES_ERROR;
				CLANG_WARN_DOCUMENTATION_COMMENTS = YES;
				CLANG_WARN_EMPTY_BODY = YES;
				CLANG_WARN_ENUM_CONVERSION = YES;
				CLANG_WARN_INFINITE_RECURSION = YES;
				CLANG_WARN_INT_CONVERSION = YES;
				CLANG_WARN_NON_LITERAL_NULL_CONVERSION = YES;
				CLANG_WARN_OBJC_IMPLICIT_RETAIN_SELF = YES;
				CLANG_WARN_OBJC_LITERAL_CONVERSION = YES;
				CLANG_WARN_OBJC_ROOT_CLASS = YES_ERROR;
				CLANG_WARN_QUOTED_INCLUDE_IN_FRAMEWORK_HEADER = YES;
				CLANG_WARN_RANGE_LOOP_ANALYSIS = YES;
				CLANG_WARN_STRICT_PROTOTYPES = YES;
				CLANG_WARN_SUSPICIOUS_MOVE = YES;
				CLANG_WARN_UNGUARDED_AVAILABILITY = YES_AGGRESSIVE;
				CLANG_WARN_UNREACHABLE_CODE = YES;
				CLANG_WARN__DUPLICATE_METHOD_MATCH = YES;
				COPY_PHASE_STRIP = NO;
				DEBUG_INFORMATION_FORMAT = dwarf;
				ENABLE_STRICT_OBJC_MSGSEND = YES;
				ENABLE_TESTABILITY = YES;
				ENABLE_USER_SCRIPT_SANDBOXING = YES;
				GCC_C_LANGUAGE_STANDARD = gnu17;
				GCC_DYNAMIC_NO_PIC = NO;
				GCC_NO_COMMON_BLOCKS = YES;
				GCC_OPTIMIZATION_LEVEL = 0;
				GCC_PREPROCESSOR_DEFINITIONS = (
					"DEBUG=1",
					"$(inherited)",
				);
				GCC_WARN_64_TO_32_BIT_CONVERSION = YES;
				GCC_WARN_ABOUT_RETURN_TYPE = YES_ERROR;
				GCC_WARN_UNDECLARED_SELECTOR = YES;
				GCC_WARN_UNINITIALIZED_AUTOS = YES_AGGRESSIVE;
				GCC_WARN_UNUSED_FUNCTION = YES;
				GCC_WARN_UNUSED_VARIABLE = YES;
				IPHONEOS_DEPLOYMENT_TARGET = 17.5;
				LOCALIZATION_PREFERS_STRING_CATALOGS = YES;
				MTL_ENABLE_DEBUG_INFO = INCLUDE_SOURCE;
				MTL_FAST_MATH = YES;
				ONLY_ACTIVE_ARCH = YES;
				SDKROOT = iphoneos;
				SWIFT_ACTIVE_COMPILATION_CONDITIONS = "DEBUG $(inherited)";
				SWIFT_OPTIMIZATION_LEVEL = "-Onone";
			};
			name = Debug;
		};
		4309B2C82C909ABD0076B1F4 /* Release */ = {
			isa = XCBuildConfiguration;
			buildSettings = {
				ALWAYS_SEARCH_USER_PATHS = NO;
				ASSETCATALOG_COMPILER_GENERATE_SWIFT_ASSET_SYMBOL_EXTENSIONS = YES;
				CLANG_ANALYZER_NONNULL = YES;
				CLANG_ANALYZER_NUMBER_OBJECT_CONVERSION = YES_AGGRESSIVE;
				CLANG_CXX_LANGUAGE_STANDARD = "gnu++20";
				CLANG_ENABLE_MODULES = YES;
				CLANG_ENABLE_OBJC_ARC = YES;
				CLANG_ENABLE_OBJC_WEAK = YES;
				CLANG_WARN_BLOCK_CAPTURE_AUTORELEASING = YES;
				CLANG_WARN_BOOL_CONVERSION = YES;
				CLANG_WARN_COMMA = YES;
				CLANG_WARN_CONSTANT_CONVERSION = YES;
				CLANG_WARN_DEPRECATED_OBJC_IMPLEMENTATIONS = YES;
				CLANG_WARN_DIRECT_OBJC_ISA_USAGE = YES_ERROR;
				CLANG_WARN_DOCUMENTATION_COMMENTS = YES;
				CLANG_WARN_EMPTY_BODY = YES;
				CLANG_WARN_ENUM_CONVERSION = YES;
				CLANG_WARN_INFINITE_RECURSION = YES;
				CLANG_WARN_INT_CONVERSION = YES;
				CLANG_WARN_NON_LITERAL_NULL_CONVERSION = YES;
				CLANG_WARN_OBJC_IMPLICIT_RETAIN_SELF = YES;
				CLANG_WARN_OBJC_LITERAL_CONVERSION = YES;
				CLANG_WARN_OBJC_ROOT_CLASS = YES_ERROR;
				CLANG_WARN_QUOTED_INCLUDE_IN_FRAMEWORK_HEADER = YES;
				CLANG_WARN_RANGE_LOOP_ANALYSIS = YES;
				CLANG_WARN_STRICT_PROTOTYPES = YES;
				CLANG_WARN_SUSPICIOUS_MOVE = YES;
				CLANG_WARN_UNGUARDED_AVAILABILITY = YES_AGGRESSIVE;
				CLANG_WARN_UNREACHABLE_CODE = YES;
				CLANG_WARN__DUPLICATE_METHOD_MATCH = YES;
				COPY_PHASE_STRIP = NO;
				DEBUG_INFORMATION_FORMAT = "dwarf-with-dsym";
				ENABLE_NS_ASSERTIONS = NO;
				ENABLE_STRICT_OBJC_MSGSEND = YES;
				ENABLE_USER_SCRIPT_SANDBOXING = YES;
				GCC_C_LANGUAGE_STANDARD = gnu17;
				GCC_NO_COMMON_BLOCKS = YES;
				GCC_WARN_64_TO_32_BIT_CONVERSION = YES;
				GCC_WARN_ABOUT_RETURN_TYPE = YES_ERROR;
				GCC_WARN_UNDECLARED_SELECTOR = YES;
				GCC_WARN_UNINITIALIZED_AUTOS = YES_AGGRESSIVE;
				GCC_WARN_UNUSED_FUNCTION = YES;
				GCC_WARN_UNUSED_VARIABLE = YES;
				IPHONEOS_DEPLOYMENT_TARGET = 17.5;
				LOCALIZATION_PREFERS_STRING_CATALOGS = YES;
				MTL_ENABLE_DEBUG_INFO = NO;
				MTL_FAST_MATH = YES;
				SDKROOT = iphoneos;
				SWIFT_COMPILATION_MODE = wholemodule;
				VALIDATE_PRODUCT = YES;
			};
			name = Release;
		};
		4309B2CA2C909ABD0076B1F4 /* Debug */ = {
			isa = XCBuildConfiguration;
			buildSettings = {
				ASSETCATALOG_COMPILER_APPICON_NAME = AppIcon;
				ASSETCATALOG_COMPILER_GLOBAL_ACCENT_COLOR_NAME = AccentColor;
				CODE_SIGN_STYLE = Automatic;
				CURRENT_PROJECT_VERSION = 1;
				GENERATE_INFOPLIST_FILE = YES;
				INFOPLIST_FILE = DiscountApp/Info.plist;
				INFOPLIST_KEY_UIApplicationSupportsIndirectInputEvents = YES;
				INFOPLIST_KEY_UILaunchStoryboardName = LaunchScreen;
				INFOPLIST_KEY_UIMainStoryboardFile = Main;
				INFOPLIST_KEY_UISupportedInterfaceOrientations_iPad = "UIInterfaceOrientationPortrait UIInterfaceOrientationPortraitUpsideDown UIInterfaceOrientationLandscapeLeft UIInterfaceOrientationLandscapeRight";
				INFOPLIST_KEY_UISupportedInterfaceOrientations_iPhone = "UIInterfaceOrientationPortrait UIInterfaceOrientationLandscapeLeft UIInterfaceOrientationLandscapeRight";
				IPHONEOS_DEPLOYMENT_TARGET = 15.0;
				LD_RUNPATH_SEARCH_PATHS = (
					"$(inherited)",
					"@executable_path/Frameworks",
				);
				MARKETING_VERSION = 1.0;
				PRODUCT_BUNDLE_IDENTIFIER = edu.nwmissouri.24.cs44643.DiscountApp;
				PRODUCT_NAME = "$(TARGET_NAME)";
				SWIFT_EMIT_LOC_STRINGS = YES;
				SWIFT_VERSION = 5.0;
				TARGETED_DEVICE_FAMILY = "1,2";
			};
			name = Debug;
		};
		4309B2CB2C909ABD0076B1F4 /* Release */ = {
			isa = XCBuildConfiguration;
			buildSettings = {
				ASSETCATALOG_COMPILER_APPICON_NAME = AppIcon;
				ASSETCATALOG_COMPILER_GLOBAL_ACCENT_COLOR_NAME = AccentColor;
				CODE_SIGN_STYLE = Automatic;
				CURRENT_PROJECT_VERSION = 1;
				GENERATE_INFOPLIST_FILE = YES;
				INFOPLIST_FILE = DiscountApp/Info.plist;
				INFOPLIST_KEY_UIApplicationSupportsIndirectInputEvents = YES;
				INFOPLIST_KEY_UILaunchStoryboardName = LaunchScreen;
				INFOPLIST_KEY_UIMainStoryboardFile = Main;
				INFOPLIST_KEY_UISupportedInterfaceOrientations_iPad = "UIInterfaceOrientationPortrait UIInterfaceOrientationPortraitUpsideDown UIInterfaceOrientationLandscapeLeft UIInterfaceOrientationLandscapeRight";
				INFOPLIST_KEY_UISupportedInterfaceOrientations_iPhone = "UIInterfaceOrientationPortrait UIInterfaceOrientationLandscapeLeft UIInterfaceOrientationLandscapeRight";
				IPHONEOS_DEPLOYMENT_TARGET = 15.0;
				LD_RUNPATH_SEARCH_PATHS = (
					"$(inherited)",
					"@executable_path/Frameworks",
				);
				MARKETING_VERSION = 1.0;
				PRODUCT_BUNDLE_IDENTIFIER = edu.nwmissouri.24.cs44643.DiscountApp;
				PRODUCT_NAME = "$(TARGET_NAME)";
				SWIFT_EMIT_LOC_STRINGS = YES;
				SWIFT_VERSION = 5.0;
				TARGETED_DEVICE_FAMILY = "1,2";
			};
			name = Release;
		};
		4309B2CD2C909ABD0076B1F4 /* Debug */ = {
			isa = XCBuildConfiguration;
			buildSettings = {
				ALWAYS_EMBED_SWIFT_STANDARD_LIBRARIES = YES;
				BUNDLE_LOADER = "$(TEST_HOST)";
				CODE_SIGN_STYLE = Automatic;
				CURRENT_PROJECT_VERSION = 1;
				GENERATE_INFOPLIST_FILE = YES;
				IPHONEOS_DEPLOYMENT_TARGET = 17.5;
				MARKETING_VERSION = 1.0;
				PRODUCT_BUNDLE_IDENTIFIER = edu.nwmissouri.24.cs44643.DiscountAppTests;
				PRODUCT_NAME = "$(TARGET_NAME)";
				SWIFT_EMIT_LOC_STRINGS = NO;
				SWIFT_VERSION = 5.0;
				TARGETED_DEVICE_FAMILY = "1,2";
				TEST_HOST = "$(BUILT_PRODUCTS_DIR)/DiscountApp.app/$(BUNDLE_EXECUTABLE_FOLDER_PATH)/DiscountApp";
			};
			name = Debug;
		};
		4309B2CE2C909ABD0076B1F4 /* Release */ = {
			isa = XCBuildConfiguration;
			buildSettings = {
				ALWAYS_EMBED_SWIFT_STANDARD_LIBRARIES = YES;
				BUNDLE_LOADER = "$(TEST_HOST)";
				CODE_SIGN_STYLE = Automatic;
				CURRENT_PROJECT_VERSION = 1;
				GENERATE_INFOPLIST_FILE = YES;
				IPHONEOS_DEPLOYMENT_TARGET = 17.5;
				MARKETING_VERSION = 1.0;
				PRODUCT_BUNDLE_IDENTIFIER = edu.nwmissouri.24.cs44643.DiscountAppTests;
				PRODUCT_NAME = "$(TARGET_NAME)";
				SWIFT_EMIT_LOC_STRINGS = NO;
				SWIFT_VERSION = 5.0;
				TARGETED_DEVICE_FAMILY = "1,2";
				TEST_HOST = "$(BUILT_PRODUCTS_DIR)/DiscountApp.app/$(BUNDLE_EXECUTABLE_FOLDER_PATH)/DiscountApp";
			};
			name = Release;
		};
		4309B2D02C909ABD0076B1F4 /* Debug */ = {
			isa = XCBuildConfiguration;
			buildSettings = {
				ALWAYS_EMBED_SWIFT_STANDARD_LIBRARIES = YES;
				CODE_SIGN_STYLE = Automatic;
				CURRENT_PROJECT_VERSION = 1;
				GENERATE_INFOPLIST_FILE = YES;
				MARKETING_VERSION = 1.0;
				PRODUCT_BUNDLE_IDENTIFIER = edu.nwmissouri.24.cs44643.DiscountAppUITests;
				PRODUCT_NAME = "$(TARGET_NAME)";
				SWIFT_EMIT_LOC_STRINGS = NO;
				SWIFT_VERSION = 5.0;
				TARGETED_DEVICE_FAMILY = "1,2";
				TEST_TARGET_NAME = DiscountApp;
			};
			name = Debug;
		};
		4309B2D12C909ABD0076B1F4 /* Release */ = {
			isa = XCBuildConfiguration;
			buildSettings = {
				ALWAYS_EMBED_SWIFT_STANDARD_LIBRARIES = YES;
				CODE_SIGN_STYLE = Automatic;
				CURRENT_PROJECT_VERSION = 1;
				GENERATE_INFOPLIST_FILE = YES;
				MARKETING_VERSION = 1.0;
				PRODUCT_BUNDLE_IDENTIFIER = edu.nwmissouri.24.cs44643.DiscountAppUITests;
				PRODUCT_NAME = "$(TARGET_NAME)";
				SWIFT_EMIT_LOC_STRINGS = NO;
				SWIFT_VERSION = 5.0;
				TARGETED_DEVICE_FAMILY = "1,2";
				TEST_TARGET_NAME = DiscountApp;
			};
			name = Release;
		};
/* End XCBuildConfiguration section */

/* Begin XCConfigurationList section */
		4309B29A2C909ABC0076B1F4 /* Build configuration list for PBXProject "DiscountApp" */ = {
			isa = XCConfigurationList;
			buildConfigurations = (
				4309B2C72C909ABD0076B1F4 /* Debug */,
				4309B2C82C909ABD0076B1F4 /* Release */,
			);
			defaultConfigurationIsVisible = 0;
			defaultConfigurationName = Release;
		};
		4309B2C92C909ABD0076B1F4 /* Build configuration list for PBXNativeTarget "DiscountApp" */ = {
			isa = XCConfigurationList;
			buildConfigurations = (
				4309B2CA2C909ABD0076B1F4 /* Debug */,
				4309B2CB2C909ABD0076B1F4 /* Release */,
			);
			defaultConfigurationIsVisible = 0;
			defaultConfigurationName = Release;
		};
		4309B2CC2C909ABD0076B1F4 /* Build configuration list for PBXNativeTarget "DiscountAppTests" */ = {
			isa = XCConfigurationList;
			buildConfigurations = (
				4309B2CD2C909ABD0076B1F4 /* Debug */,
				4309B2CE2C909ABD0076B1F4 /* Release */,
			);
			defaultConfigurationIsVisible = 0;
			defaultConfigurationName = Release;
		};
		4309B2CF2C909ABD0076B1F4 /* Build configuration list for PBXNativeTarget "DiscountAppUITests" */ = {
			isa = XCConfigurationList;
			buildConfigurations = (
				4309B2D02C909ABD0076B1F4 /* Debug */,
				4309B2D12C909ABD0076B1F4 /* Release */,
			);
			defaultConfigurationIsVisible = 0;
			defaultConfigurationName = Release;
		};
/* End XCConfigurationList section */
	};
	rootObject = 4309B2972C909ABC0076B1F4 /* Project object */;
}
