// !$*UTF8*$!
{
	archiveVersion = 1;
	classes = {
	};
	objectVersion = 56;
	objects = {

/* Begin PBXBuildFile section */
		4309B2672C9090D80076B1F4 /* AppDelegate.swift in Sources */ = {isa = PBXBuildFile; fileRef = 4309B2662C9090D80076B1F4 /* AppDelegate.swift */; };
		4309B2692C9090D80076B1F4 /* SceneDelegate.swift in Sources */ = {isa = PBXBuildFile; fileRef = 4309B2682C9090D80076B1F4 /* SceneDelegate.swift */; };
		4309B26B2C9090D80076B1F4 /* ViewController.swift in Sources */ = {isa = PBXBuildFile; fileRef = 4309B26A2C9090D80076B1F4 /* ViewController.swift */; };
		4309B26E2C9090D80076B1F4 /* Base in Resources */ = {isa = PBXBuildFile; fileRef = 4309B26D2C9090D80076B1F4 /* Base */; };
		4309B2702C9090D90076B1F4 /* Assets.xcassets in Resources */ = {isa = PBXBuildFile; fileRef = 4309B26F2C9090D90076B1F4 /* Assets.xcassets */; };
		4309B2732C9090D90076B1F4 /* Base in Resources */ = {isa = PBXBuildFile; fileRef = 4309B2722C9090D90076B1F4 /* Base */; };
		4309B27E2C9090D90076B1F4 /* VowelTesterAppTests.swift in Sources */ = {isa = PBXBuildFile; fileRef = 4309B27D2C9090D90076B1F4 /* VowelTesterAppTests.swift */; };
		4309B2882C9090D90076B1F4 /* VowelTesterAppUITests.swift in Sources */ = {isa = PBXBuildFile; fileRef = 4309B2872C9090D90076B1F4 /* VowelTesterAppUITests.swift */; };
		4309B28A2C9090D90076B1F4 /* VowelTesterAppUITestsLaunchTests.swift in Sources */ = {isa = PBXBuildFile; fileRef = 4309B2892C9090D90076B1F4 /* VowelTesterAppUITestsLaunchTests.swift */; };
/* End PBXBuildFile section */

/* Begin PBXContainerItemProxy section */
		4309B27A2C9090D90076B1F4 /* PBXContainerItemProxy */ = {
			isa = PBXContainerItemProxy;
			containerPortal = 4309B25B2C9090D80076B1F4 /* Project object */;
			proxyType = 1;
			remoteGlobalIDString = 4309B2622C9090D80076B1F4;
			remoteInfo = VowelTesterApp;
		};
		4309B2842C9090D90076B1F4 /* PBXContainerItemProxy */ = {
			isa = PBXContainerItemProxy;
			containerPortal = 4309B25B2C9090D80076B1F4 /* Project object */;
			proxyType = 1;
			remoteGlobalIDString = 4309B2622C9090D80076B1F4;
			remoteInfo = VowelTesterApp;
		};
/* End PBXContainerItemProxy section */

/* Begin PBXFileReference section */
		4309B2632C9090D80076B1F4 /* VowelTesterApp.app */ = {isa = PBXFileReference; explicitFileType = wrapper.application; includeInIndex = 0; path = VowelTesterApp.app; sourceTree = BUILT_PRODUCTS_DIR; };
		4309B2662C9090D80076B1F4 /* AppDelegate.swift */ = {isa = PBXFileReference; lastKnownFileType = sourcecode.swift; path = AppDelegate.swift; sourceTree = "<group>"; };
		4309B2682C9090D80076B1F4 /* SceneDelegate.swift */ = {isa = PBXFileReference; lastKnownFileType = sourcecode.swift; path = SceneDelegate.swift; sourceTree = "<group>"; };
		4309B26A2C9090D80076B1F4 /* ViewController.swift */ = {isa = PBXFileReference; lastKnownFileType = sourcecode.swift; path = ViewController.swift; sourceTree = "<group>"; };
		4309B26D2C9090D80076B1F4 /* Base */ = {isa = PBXFileReference; lastKnownFileType = file.storyboard; name = Base; path = Base.lproj/Main.storyboard; sourceTree = "<group>"; };
		4309B26F2C9090D90076B1F4 /* Assets.xcassets */ = {isa = PBXFileReference; lastKnownFileType = folder.assetcatalog; path = Assets.xcassets; sourceTree = "<group>"; };
		4309B2722C9090D90076B1F4 /* Base */ = {isa = PBXFileReference; lastKnownFileType = file.storyboard; name = Base; path = Base.lproj/LaunchScreen.storyboard; sourceTree = "<group>"; };
		4309B2742C9090D90076B1F4 /* Info.plist */ = {isa = PBXFileReference; lastKnownFileType = text.plist.xml; path = Info.plist; sourceTree = "<group>"; };
		4309B2792C9090D90076B1F4 /* VowelTesterAppTests.xctest */ = {isa = PBXFileReference; explicitFileType = wrapper.cfbundle; includeInIndex = 0; path = VowelTesterAppTests.xctest; sourceTree = BUILT_PRODUCTS_DIR; };
		4309B27D2C9090D90076B1F4 /* VowelTesterAppTests.swift */ = {isa = PBXFileReference; lastKnownFileType = sourcecode.swift; path = VowelTesterAppTests.swift; sourceTree = "<group>"; };
		4309B2832C9090D90076B1F4 /* VowelTesterAppUITests.xctest */ = {isa = PBXFileReference; explicitFileType = wrapper.cfbundle; includeInIndex = 0; path = VowelTesterAppUITests.xctest; sourceTree = BUILT_PRODUCTS_DIR; };
		4309B2872C9090D90076B1F4 /* VowelTesterAppUITests.swift */ = {isa = PBXFileReference; lastKnownFileType = sourcecode.swift; path = VowelTesterAppUITests.swift; sourceTree = "<group>"; };
		4309B2892C9090D90076B1F4 /* VowelTesterAppUITestsLaunchTests.swift */ = {isa = PBXFileReference; lastKnownFileType = sourcecode.swift; path = VowelTesterAppUITestsLaunchTests.swift; sourceTree = "<group>"; };
/* End PBXFileReference section */

/* Begin PBXFrameworksBuildPhase section */
		4309B2602C9090D80076B1F4 /* Frameworks */ = {
			isa = PBXFrameworksBuildPhase;
			buildActionMask = 2147483647;
			files = (
			);
			runOnlyForDeploymentPostprocessing = 0;
		};
		4309B2762C9090D90076B1F4 /* Frameworks */ = {
			isa = PBXFrameworksBuildPhase;
			buildActionMask = 2147483647;
			files = (
			);
			runOnlyForDeploymentPostprocessing = 0;
		};
		4309B2802C9090D90076B1F4 /* Frameworks */ = {
			isa = PBXFrameworksBuildPhase;
			buildActionMask = 2147483647;
			files = (
			);
			runOnlyForDeploymentPostprocessing = 0;
		};
/* End PBXFrameworksBuildPhase section */

/* Begin PBXGroup section */
		4309B25A2C9090D80076B1F4 = {
			isa = PBXGroup;
			children = (
				4309B2652C9090D80076B1F4 /* VowelTesterApp */,
				4309B27C2C9090D90076B1F4 /* VowelTesterAppTests */,
				4309B2862C9090D90076B1F4 /* VowelTesterAppUITests */,
				4309B2642C9090D80076B1F4 /* Products */,
			);
			sourceTree = "<group>";
		};
		4309B2642C9090D80076B1F4 /* Products */ = {
			isa = PBXGroup;
			children = (
				4309B2632C9090D80076B1F4 /* VowelTesterApp.app */,
				4309B2792C9090D90076B1F4 /* VowelTesterAppTests.xctest */,
				4309B2832C9090D90076B1F4 /* VowelTesterAppUITests.xctest */,
			);
			name = Products;
			sourceTree = "<group>";
		};
		4309B2652C9090D80076B1F4 /* VowelTesterApp */ = {
			isa = PBXGroup;
			children = (
				4309B2662C9090D80076B1F4 /* AppDelegate.swift */,
				4309B2682C9090D80076B1F4 /* SceneDelegate.swift */,
				4309B26A2C9090D80076B1F4 /* ViewController.swift */,
				4309B26C2C9090D80076B1F4 /* Main.storyboard */,
				4309B26F2C9090D90076B1F4 /* Assets.xcassets */,
				4309B2712C9090D90076B1F4 /* LaunchScreen.storyboard */,
				4309B2742C9090D90076B1F4 /* Info.plist */,
			);
			path = VowelTesterApp;
			sourceTree = "<group>";
		};
		4309B27C2C9090D90076B1F4 /* VowelTesterAppTests */ = {
			isa = PBXGroup;
			children = (
				4309B27D2C9090D90076B1F4 /* VowelTesterAppTests.swift */,
			);
			path = VowelTesterAppTests;
			sourceTree = "<group>";
		};
		4309B2862C9090D90076B1F4 /* VowelTesterAppUITests */ = {
			isa = PBXGroup;
			children = (
				4309B2872C9090D90076B1F4 /* VowelTesterAppUITests.swift */,
				4309B2892C9090D90076B1F4 /* VowelTesterAppUITestsLaunchTests.swift */,
			);
			path = VowelTesterAppUITests;
			sourceTree = "<group>";
		};
/* End PBXGroup section */

/* Begin PBXNativeTarget section */
		4309B2622C9090D80076B1F4 /* VowelTesterApp */ = {
			isa = PBXNativeTarget;
			buildConfigurationList = 4309B28D2C9090D90076B1F4 /* Build configuration list for PBXNativeTarget "VowelTesterApp" */;
			buildPhases = (
				4309B25F2C9090D80076B1F4 /* Sources */,
				4309B2602C9090D80076B1F4 /* Frameworks */,
				4309B2612C9090D80076B1F4 /* Resources */,
			);
			buildRules = (
			);
			dependencies = (
			);
			name = VowelTesterApp;
			productName = VowelTesterApp;
			productReference = 4309B2632C9090D80076B1F4 /* VowelTesterApp.app */;
			productType = "com.apple.product-type.application";
		};
		4309B2782C9090D90076B1F4 /* VowelTesterAppTests */ = {
			isa = PBXNativeTarget;
			buildConfigurationList = 4309B2902C9090D90076B1F4 /* Build configuration list for PBXNativeTarget "VowelTesterAppTests" */;
			buildPhases = (
				4309B2752C9090D90076B1F4 /* Sources */,
				4309B2762C9090D90076B1F4 /* Frameworks */,
				4309B2772C9090D90076B1F4 /* Resources */,
			);
			buildRules = (
			);
			dependencies = (
				4309B27B2C9090D90076B1F4 /* PBXTargetDependency */,
			);
			name = VowelTesterAppTests;
			productName = VowelTesterAppTests;
			productReference = 4309B2792C9090D90076B1F4 /* VowelTesterAppTests.xctest */;
			productType = "com.apple.product-type.bundle.unit-test";
		};
		4309B2822C9090D90076B1F4 /* VowelTesterAppUITests */ = {
			isa = PBXNativeTarget;
			buildConfigurationList = 4309B2932C9090D90076B1F4 /* Build configuration list for PBXNativeTarget "VowelTesterAppUITests" */;
			buildPhases = (
				4309B27F2C9090D90076B1F4 /* Sources */,
				4309B2802C9090D90076B1F4 /* Frameworks */,
				4309B2812C9090D90076B1F4 /* Resources */,
			);
			buildRules = (
			);
			dependencies = (
				4309B2852C9090D90076B1F4 /* PBXTargetDependency */,
			);
			name = VowelTesterAppUITests;
			productName = VowelTesterAppUITests;
			productReference = 4309B2832C9090D90076B1F4 /* VowelTesterAppUITests.xctest */;
			productType = "com.apple.product-type.bundle.ui-testing";
		};
/* End PBXNativeTarget section */

/* Begin PBXProject section */
		4309B25B2C9090D80076B1F4 /* Project object */ = {
			isa = PBXProject;
			attributes = {
				BuildIndependentTargetsInParallel = 1;
				LastSwiftUpdateCheck = 1540;
				LastUpgradeCheck = 1540;
				TargetAttributes = {
					4309B2622C9090D80076B1F4 = {
						CreatedOnToolsVersion = 15.4;
					};
					4309B2782C9090D90076B1F4 = {
						CreatedOnToolsVersion = 15.4;
						TestTargetID = 4309B2622C9090D80076B1F4;
					};
					4309B2822C9090D90076B1F4 = {
						CreatedOnToolsVersion = 15.4;
						TestTargetID = 4309B2622C9090D80076B1F4;
					};
				};
			};
			buildConfigurationList = 4309B25E2C9090D80076B1F4 /* Build configuration list for PBXProject "VowelTesterApp" */;
			compatibilityVersion = "Xcode 14.0";
			developmentRegion = en;
			hasScannedForEncodings = 0;
			knownRegions = (
				en,
				Base,
			);
			mainGroup = 4309B25A2C9090D80076B1F4;
			productRefGroup = 4309B2642C9090D80076B1F4 /* Products */;
			projectDirPath = "";
			projectRoot = "";
			targets = (
				4309B2622C9090D80076B1F4 /* VowelTesterApp */,
				4309B2782C9090D90076B1F4 /* VowelTesterAppTests */,
				4309B2822C9090D90076B1F4 /* VowelTesterAppUITests */,
			);
		};
/* End PBXProject section */

/* Begin PBXResourcesBuildPhase section */
		4309B2612C9090D80076B1F4 /* Resources */ = {
			isa = PBXResourcesBuildPhase;
			buildActionMask = 2147483647;
			files = (
				4309B2702C9090D90076B1F4 /* Assets.xcassets in Resources */,
				4309B2732C9090D90076B1F4 /* Base in Resources */,
				4309B26E2C9090D80076B1F4 /* Base in Resources */,
			);
			runOnlyForDeploymentPostprocessing = 0;
		};
		4309B2772C9090D90076B1F4 /* Resources */ = {
			isa = PBXResourcesBuildPhase;
			buildActionMask = 2147483647;
			files = (
			);
			runOnlyForDeploymentPostprocessing = 0;
		};
		4309B2812C9090D90076B1F4 /* Resources */ = {
			isa = PBXResourcesBuildPhase;
			buildActionMask = 2147483647;
			files = (
			);
			runOnlyForDeploymentPostprocessing = 0;
		};
/* End PBXResourcesBuildPhase section */

/* Begin PBXSourcesBuildPhase section */
		4309B25F2C9090D80076B1F4 /* Sources */ = {
			isa = PBXSourcesBuildPhase;
			buildActionMask = 2147483647;
			files = (
				4309B26B2C9090D80076B1F4 /* ViewController.swift in Sources */,
				4309B2672C9090D80076B1F4 /* AppDelegate.swift in Sources */,
				4309B2692C9090D80076B1F4 /* SceneDelegate.swift in Sources */,
			);
			runOnlyForDeploymentPostprocessing = 0;
		};
		4309B2752C9090D90076B1F4 /* Sources */ = {
			isa = PBXSourcesBuildPhase;
			buildActionMask = 2147483647;
			files = (
				4309B27E2C9090D90076B1F4 /* VowelTesterAppTests.swift in Sources */,
			);
			runOnlyForDeploymentPostprocessing = 0;
		};
		4309B27F2C9090D90076B1F4 /* Sources */ = {
			isa = PBXSourcesBuildPhase;
			buildActionMask = 2147483647;
			files = (
				4309B2882C9090D90076B1F4 /* VowelTesterAppUITests.swift in Sources */,
				4309B28A2C9090D90076B1F4 /* VowelTesterAppUITestsLaunchTests.swift in Sources */,
			);
			runOnlyForDeploymentPostprocessing = 0;
		};
/* End PBXSourcesBuildPhase section */

/* Begin PBXTargetDependency section */
		4309B27B2C9090D90076B1F4 /* PBXTargetDependency */ = {
			isa = PBXTargetDependency;
			target = 4309B2622C9090D80076B1F4 /* VowelTesterApp */;
			targetProxy = 4309B27A2C9090D90076B1F4 /* PBXContainerItemProxy */;
		};
		4309B2852C9090D90076B1F4 /* PBXTargetDependency */ = {
			isa = PBXTargetDependency;
			target = 4309B2622C9090D80076B1F4 /* VowelTesterApp */;
			targetProxy = 4309B2842C9090D90076B1F4 /* PBXContainerItemProxy */;
		};
/* End PBXTargetDependency section */

/* Begin PBXVariantGroup section */
		4309B26C2C9090D80076B1F4 /* Main.storyboard */ = {
			isa = PBXVariantGroup;
			children = (
				4309B26D2C9090D80076B1F4 /* Base */,
			);
			name = Main.storyboard;
			sourceTree = "<group>";
		};
		4309B2712C9090D90076B1F4 /* LaunchScreen.storyboard */ = {
			isa = PBXVariantGroup;
			children = (
				4309B2722C9090D90076B1F4 /* Base */,
			);
			name = LaunchScreen.storyboard;
			sourceTree = "<group>";
		};
/* End PBXVariantGroup section */

/* Begin XCBuildConfiguration section */
		4309B28B2C9090D90076B1F4 /* Debug */ = {
			isa = XCBuildConfiguration;
			buildSettings = {
				ALWAYS_SEARCH_USER_PATHS = NO;
				ASSETCATALOG_COMPILER_GENERATE_SWIFT_ASSET_SYMBOL_EXTENSIONS = YES;
				CLANG_ANALYZER_NONNULL = YES;
				CLANG_ANALYZER_NUMBER_OBJECT_CONVERSION = YES_AGGRESSIVE;
				CLANG_CXX_LANGUAGE_STANDARD = "gnu++20";
				CLANG_ENABLE_MODULES = YES;
				CLANG_ENABLE_OBJC_ARC = YES;
				CLANG_ENABLE_OBJC_WEAK = YES;
				CLANG_WARN_BLOCK_CAPTURE_AUTORELEASING = YES;
				CLANG_WARN_BOOL_CONVERSION = YES;
				CLANG_WARN_COMMA = YES;
				CLANG_WARN_CONSTANT_CONVERSION = YES;
				CLANG_WARN_DEPRECATED_OBJC_IMPLEMENTATIONS = YES;
				CLANG_WARN_DIRECT_OBJC_ISA_USAGE = YES_ERROR;
				CLANG_WARN_DOCUMENTATION_COMMENTS = YES;
				CLANG_WARN_EMPTY_BODY = YES;
				CLANG_WARN_ENUM_CONVERSION = YES;
				CLANG_WARN_INFINITE_RECURSION = YES;
				CLANG_WARN_INT_CONVERSION = YES;
				CLANG_WARN_NON_LITERAL_NULL_CONVERSION = YES;
				CLANG_WARN_OBJC_IMPLICIT_RETAIN_SELF = YES;
				CLANG_WARN_OBJC_LITERAL_CONVERSION = YES;
				CLANG_WARN_OBJC_ROOT_CLASS = YES_ERROR;
				CLANG_WARN_QUOTED_INCLUDE_IN_FRAMEWORK_HEADER = YES;
				CLANG_WARN_RANGE_LOOP_ANALYSIS = YES;
				CLANG_WARN_STRICT_PROTOTYPES = YES;
				CLANG_WARN_SUSPICIOUS_MOVE = YES;
				CLANG_WARN_UNGUARDED_AVAILABILITY = YES_AGGRESSIVE;
				CLANG_WARN_UNREACHABLE_CODE = YES;
				CLANG_WARN__DUPLICATE_METHOD_MATCH = YES;
				COPY_PHASE_STRIP = NO;
				DEBUG_INFORMATION_FORMAT = dwarf;
				ENABLE_STRICT_OBJC_MSGSEND = YES;
				ENABLE_TESTABILITY = YES;
				ENABLE_USER_SCRIPT_SANDBOXING = YES;
				GCC_C_LANGUAGE_STANDARD = gnu17;
				GCC_DYNAMIC_NO_PIC = NO;
				GCC_NO_COMMON_BLOCKS = YES;
				GCC_OPTIMIZATION_LEVEL = 0;
				GCC_PREPROCESSOR_DEFINITIONS = (
					"DEBUG=1",
					"$(inherited)",
				);
				GCC_WARN_64_TO_32_BIT_CONVERSION = YES;
				GCC_WARN_ABOUT_RETURN_TYPE = YES_ERROR;
				GCC_WARN_UNDECLARED_SELECTOR = YES;
				GCC_WARN_UNINITIALIZED_AUTOS = YES_AGGRESSIVE;
				GCC_WARN_UNUSED_FUNCTION = YES;
				GCC_WARN_UNUSED_VARIABLE = YES;
				IPHONEOS_DEPLOYMENT_TARGET = 17.5;
				LOCALIZATION_PREFERS_STRING_CATALOGS = YES;
				MTL_ENABLE_DEBUG_INFO = INCLUDE_SOURCE;
				MTL_FAST_MATH = YES;
				ONLY_ACTIVE_ARCH = YES;
				SDKROOT = iphoneos;
				SWIFT_ACTIVE_COMPILATION_CONDITIONS = "DEBUG $(inherited)";
				SWIFT_OPTIMIZATION_LEVEL = "-Onone";
			};
			name = Debug;
		};
		4309B28C2C9090D90076B1F4 /* Release */ = {
			isa = XCBuildConfiguration;
			buildSettings = {
				ALWAYS_SEARCH_USER_PATHS = NO;
				ASSETCATALOG_COMPILER_GENERATE_SWIFT_ASSET_SYMBOL_EXTENSIONS = YES;
				CLANG_ANALYZER_NONNULL = YES;
				CLANG_ANALYZER_NUMBER_OBJECT_CONVERSION = YES_AGGRESSIVE;
				CLANG_CXX_LANGUAGE_STANDARD = "gnu++20";
				CLANG_ENABLE_MODULES = YES;
				CLANG_ENABLE_OBJC_ARC = YES;
				CLANG_ENABLE_OBJC_WEAK = YES;
				CLANG_WARN_BLOCK_CAPTURE_AUTORELEASING = YES;
				CLANG_WARN_BOOL_CONVERSION = YES;
				CLANG_WARN_COMMA = YES;
				CLANG_WARN_CONSTANT_CONVERSION = YES;
				CLANG_WARN_DEPRECATED_OBJC_IMPLEMENTATIONS = YES;
				CLANG_WARN_DIRECT_OBJC_ISA_USAGE = YES_ERROR;
				CLANG_WARN_DOCUMENTATION_COMMENTS = YES;
				CLANG_WARN_EMPTY_BODY = YES;
				CLANG_WARN_ENUM_CONVERSION = YES;
				CLANG_WARN_INFINITE_RECURSION = YES;
				CLANG_WARN_INT_CONVERSION = YES;
				CLANG_WARN_NON_LITERAL_NULL_CONVERSION = YES;
				CLANG_WARN_OBJC_IMPLICIT_RETAIN_SELF = YES;
				CLANG_WARN_OBJC_LITERAL_CONVERSION = YES;
				CLANG_WARN_OBJC_ROOT_CLASS = YES_ERROR;
				CLANG_WARN_QUOTED_INCLUDE_IN_FRAMEWORK_HEADER = YES;
				CLANG_WARN_RANGE_LOOP_ANALYSIS = YES;
				CLANG_WARN_STRICT_PROTOTYPES = YES;
				CLANG_WARN_SUSPICIOUS_MOVE = YES;
				CLANG_WARN_UNGUARDED_AVAILABILITY = YES_AGGRESSIVE;
				CLANG_WARN_UNREACHABLE_CODE = YES;
				CLANG_WARN__DUPLICATE_METHOD_MATCH = YES;
				COPY_PHASE_STRIP = NO;
				DEBUG_INFORMATION_FORMAT = "dwarf-with-dsym";
				ENABLE_NS_ASSERTIONS = NO;
				ENABLE_STRICT_OBJC_MSGSEND = YES;
				ENABLE_USER_SCRIPT_SANDBOXING = YES;
				GCC_C_LANGUAGE_STANDARD = gnu17;
				GCC_NO_COMMON_BLOCKS = YES;
				GCC_WARN_64_TO_32_BIT_CONVERSION = YES;
				GCC_WARN_ABOUT_RETURN_TYPE = YES_ERROR;
				GCC_WARN_UNDECLARED_SELECTOR = YES;
				GCC_WARN_UNINITIALIZED_AUTOS = YES_AGGRESSIVE;
				GCC_WARN_UNUSED_FUNCTION = YES;
				GCC_WARN_UNUSED_VARIABLE = YES;
				IPHONEOS_DEPLOYMENT_TARGET = 17.5;
				LOCALIZATION_PREFERS_STRING_CATALOGS = YES;
				MTL_ENABLE_DEBUG_INFO = NO;
				MTL_FAST_MATH = YES;
				SDKROOT = iphoneos;
				SWIFT_COMPILATION_MODE = wholemodule;
				VALIDATE_PRODUCT = YES;
			};
			name = Release;
		};
		4309B28E2C9090D90076B1F4 /* Debug */ = {
			isa = XCBuildConfiguration;
			buildSettings = {
				ASSETCATALOG_COMPILER_APPICON_NAME = AppIcon;
				ASSETCATALOG_COMPILER_GLOBAL_ACCENT_COLOR_NAME = AccentColor;
				CODE_SIGN_STYLE = Automatic;
				CURRENT_PROJECT_VERSION = 1;
				GENERATE_INFOPLIST_FILE = YES;
				INFOPLIST_FILE = VowelTesterApp/Info.plist;
				INFOPLIST_KEY_UIApplicationSupportsIndirectInputEvents = YES;
				INFOPLIST_KEY_UILaunchStoryboardName = LaunchScreen;
				INFOPLIST_KEY_UIMainStoryboardFile = Main;
				INFOPLIST_KEY_UISupportedInterfaceOrientations_iPad = "UIInterfaceOrientationPortrait UIInterfaceOrientationPortraitUpsideDown UIInterfaceOrientationLandscapeLeft UIInterfaceOrientationLandscapeRight";
				INFOPLIST_KEY_UISupportedInterfaceOrientations_iPhone = "UIInterfaceOrientationPortrait UIInterfaceOrientationLandscapeLeft UIInterfaceOrientationLandscapeRight";
				IPHONEOS_DEPLOYMENT_TARGET = 15.0;
				LD_RUNPATH_SEARCH_PATHS = (
					"$(inherited)",
					"@executable_path/Frameworks",
				);
				MARKETING_VERSION = 1.0;
				PRODUCT_BUNDLE_IDENTIFIER = edu.nwmissouri.24.cs44643.VowelTesterApp;
				PRODUCT_NAME = "$(TARGET_NAME)";
				SWIFT_EMIT_LOC_STRINGS = YES;
				SWIFT_VERSION = 5.0;
				TARGETED_DEVICE_FAMILY = "1,2";
			};
			name = Debug;
		};
		4309B28F2C9090D90076B1F4 /* Release */ = {
			isa = XCBuildConfiguration;
			buildSettings = {
				ASSETCATALOG_COMPILER_APPICON_NAME = AppIcon;
				ASSETCATALOG_COMPILER_GLOBAL_ACCENT_COLOR_NAME = AccentColor;
				CODE_SIGN_STYLE = Automatic;
				CURRENT_PROJECT_VERSION = 1;
				GENERATE_INFOPLIST_FILE = YES;
				INFOPLIST_FILE = VowelTesterApp/Info.plist;
				INFOPLIST_KEY_UIApplicationSupportsIndirectInputEvents = YES;
				INFOPLIST_KEY_UILaunchStoryboardName = LaunchScreen;
				INFOPLIST_KEY_UIMainStoryboardFile = Main;
				INFOPLIST_KEY_UISupportedInterfaceOrientations_iPad = "UIInterfaceOrientationPortrait UIInterfaceOrientationPortraitUpsideDown UIInterfaceOrientationLandscapeLeft UIInterfaceOrientationLandscapeRight";
				INFOPLIST_KEY_UISupportedInterfaceOrientations_iPhone = "UIInterfaceOrientationPortrait UIInterfaceOrientationLandscapeLeft UIInterfaceOrientationLandscapeRight";
				IPHONEOS_DEPLOYMENT_TARGET = 15.0;
				LD_RUNPATH_SEARCH_PATHS = (
					"$(inherited)",
					"@executable_path/Frameworks",
				);
				MARKETING_VERSION = 1.0;
				PRODUCT_BUNDLE_IDENTIFIER = edu.nwmissouri.24.cs44643.VowelTesterApp;
				PRODUCT_NAME = "$(TARGET_NAME)";
				SWIFT_EMIT_LOC_STRINGS = YES;
				SWIFT_VERSION = 5.0;
				TARGETED_DEVICE_FAMILY = "1,2";
			};
			name = Release;
		};
		4309B2912C9090D90076B1F4 /* Debug */ = {
			isa = XCBuildConfiguration;
			buildSettings = {
				ALWAYS_EMBED_SWIFT_STANDARD_LIBRARIES = YES;
				BUNDLE_LOADER = "$(TEST_HOST)";
				CODE_SIGN_STYLE = Automatic;
				CURRENT_PROJECT_VERSION = 1;
				GENERATE_INFOPLIST_FILE = YES;
				IPHONEOS_DEPLOYMENT_TARGET = 17.5;
				MARKETING_VERSION = 1.0;
				PRODUCT_BUNDLE_IDENTIFIER = edu.nwmissouri.24.cs44643.VowelTesterAppTests;
				PRODUCT_NAME = "$(TARGET_NAME)";
				SWIFT_EMIT_LOC_STRINGS = NO;
				SWIFT_VERSION = 5.0;
				TARGETED_DEVICE_FAMILY = "1,2";
				TEST_HOST = "$(BUILT_PRODUCTS_DIR)/VowelTesterApp.app/$(BUNDLE_EXECUTABLE_FOLDER_PATH)/VowelTesterApp";
			};
			name = Debug;
		};
		4309B2922C9090D90076B1F4 /* Release */ = {
			isa = XCBuildConfiguration;
			buildSettings = {
				ALWAYS_EMBED_SWIFT_STANDARD_LIBRARIES = YES;
				BUNDLE_LOADER = "$(TEST_HOST)";
				CODE_SIGN_STYLE = Automatic;
				CURRENT_PROJECT_VERSION = 1;
				GENERATE_INFOPLIST_FILE = YES;
				IPHONEOS_DEPLOYMENT_TARGET = 17.5;
				MARKETING_VERSION = 1.0;
				PRODUCT_BUNDLE_IDENTIFIER = edu.nwmissouri.24.cs44643.VowelTesterAppTests;
				PRODUCT_NAME = "$(TARGET_NAME)";
				SWIFT_EMIT_LOC_STRINGS = NO;
				SWIFT_VERSION = 5.0;
				TARGETED_DEVICE_FAMILY = "1,2";
				TEST_HOST = "$(BUILT_PRODUCTS_DIR)/VowelTesterApp.app/$(BUNDLE_EXECUTABLE_FOLDER_PATH)/VowelTesterApp";
			};
			name = Release;
		};
		4309B2942C9090D90076B1F4 /* Debug */ = {
			isa = XCBuildConfiguration;
			buildSettings = {
				ALWAYS_EMBED_SWIFT_STANDARD_LIBRARIES = YES;
				CODE_SIGN_STYLE = Automatic;
				CURRENT_PROJECT_VERSION = 1;
				GENERATE_INFOPLIST_FILE = YES;
				MARKETING_VERSION = 1.0;
				PRODUCT_BUNDLE_IDENTIFIER = edu.nwmissouri.24.cs44643.VowelTesterAppUITests;
				PRODUCT_NAME = "$(TARGET_NAME)";
				SWIFT_EMIT_LOC_STRINGS = NO;
				SWIFT_VERSION = 5.0;
				TARGETED_DEVICE_FAMILY = "1,2";
				TEST_TARGET_NAME = VowelTesterApp;
			};
			name = Debug;
		};
		4309B2952C9090D90076B1F4 /* Release */ = {
			isa = XCBuildConfiguration;
			buildSettings = {
				ALWAYS_EMBED_SWIFT_STANDARD_LIBRARIES = YES;
				CODE_SIGN_STYLE = Automatic;
				CURRENT_PROJECT_VERSION = 1;
				GENERATE_INFOPLIST_FILE = YES;
				MARKETING_VERSION = 1.0;
				PRODUCT_BUNDLE_IDENTIFIER = edu.nwmissouri.24.cs44643.VowelTesterAppUITests;
				PRODUCT_NAME = "$(TARGET_NAME)";
				SWIFT_EMIT_LOC_STRINGS = NO;
				SWIFT_VERSION = 5.0;
				TARGETED_DEVICE_FAMILY = "1,2";
				TEST_TARGET_NAME = VowelTesterApp;
			};
			name = Release;
		};
/* End XCBuildConfiguration section */

/* Begin XCConfigurationList section */
		4309B25E2C9090D80076B1F4 /* Build configuration list for PBXProject "VowelTesterApp" */ = {
			isa = XCConfigurationList;
			buildConfigurations = (
				4309B28B2C9090D90076B1F4 /* Debug */,
				4309B28C2C9090D90076B1F4 /* Release */,
			);
			defaultConfigurationIsVisible = 0;
			defaultConfigurationName = Release;
		};
		4309B28D2C9090D90076B1F4 /* Build configuration list for PBXNativeTarget "VowelTesterApp" */ = {
			isa = XCConfigurationList;
			buildConfigurations = (
				4309B28E2C9090D90076B1F4 /* Debug */,
				4309B28F2C9090D90076B1F4 /* Release */,
			);
			defaultConfigurationIsVisible = 0;
			defaultConfigurationName = Release;
		};
		4309B2902C9090D90076B1F4 /* Build configuration list for PBXNativeTarget "VowelTesterAppTests" */ = {
			isa = XCConfigurationList;
			buildConfigurations = (
				4309B2912C9090D90076B1F4 /* Debug */,
				4309B2922C9090D90076B1F4 /* Release */,
			);
			defaultConfigurationIsVisible = 0;
			defaultConfigurationName = Release;
		};
		4309B2932C9090D90076B1F4 /* Build configuration list for PBXNativeTarget "VowelTesterAppUITests" */ = {
			isa = XCConfigurationList;
			buildConfigurations = (
				4309B2942C9090D90076B1F4 /* Debug */,
				4309B2952C9090D90076B1F4 /* Release */,
			);
			defaultConfigurationIsVisible = 0;
			defaultConfigurationName = Release;
		};
/* End XCConfigurationList section */
	};
	rootObject = 4309B25B2C9090D80076B1F4 /* Project object */;
}
